// !$*UTF8*$!
{
	archiveVersion = 1;
	classes = {
	};
	objectVersion = 52;
	objects = {

/* Begin PBXBuildFile section */
		6494F45E25D0E34B00A01403 /* AppDelegate.swift in Sources */ = {isa = PBXBuildFile; fileRef = 6494F45D25D0E34B00A01403 /* AppDelegate.swift */; };
		6494F46025D0E34B00A01403 /* SceneDelegate.swift in Sources */ = {isa = PBXBuildFile; fileRef = 6494F45F25D0E34B00A01403 /* SceneDelegate.swift */; };
		6494F46225D0E34B00A01403 /* ContentView.swift in Sources */ = {isa = PBXBuildFile; fileRef = 6494F46125D0E34B00A01403 /* ContentView.swift */; };
		6494F46425D0E34F00A01403 /* Assets.xcassets in Resources */ = {isa = PBXBuildFile; fileRef = 6494F46325D0E34F00A01403 /* Assets.xcassets */; };
		6494F46725D0E34F00A01403 /* Preview Assets.xcassets in Resources */ = {isa = PBXBuildFile; fileRef = 6494F46625D0E34F00A01403 /* Preview Assets.xcassets */; };
		6494F46A25D0E34F00A01403 /* LaunchScreen.storyboard in Resources */ = {isa = PBXBuildFile; fileRef = 6494F46825D0E34F00A01403 /* LaunchScreen.storyboard */; };
		6494F47425D0E75100A01403 /* SwiftyJSON in Frameworks */ = {isa = PBXBuildFile; productRef = 6494F47325D0E75100A01403 /* SwiftyJSON */; };
		6494F47825D0E81B00A01403 /* SDWebImageSwiftUI in Frameworks */ = {isa = PBXBuildFile; productRef = 6494F47725D0E81B00A01403 /* SDWebImageSwiftUI */; };
		6494F47E25D0EAB500A01403 /* News.swift in Sources */ = {isa = PBXBuildFile; fileRef = 6494F47D25D0EAB500A01403 /* News.swift */; };
		6494F48225D0ECDD00A01403 /* NewsViewModel.swift in Sources */ = {isa = PBXBuildFile; fileRef = 6494F48125D0ECDD00A01403 /* NewsViewModel.swift */; };
/* End PBXBuildFile section */

/* Begin PBXFileReference section */
		6494F45A25D0E34B00A01403 /* NewsUI.app */ = {isa = PBXFileReference; explicitFileType = wrapper.application; includeInIndex = 0; path = NewsUI.app; sourceTree = BUILT_PRODUCTS_DIR; };
		6494F45D25D0E34B00A01403 /* AppDelegate.swift */ = {isa = PBXFileReference; lastKnownFileType = sourcecode.swift; path = AppDelegate.swift; sourceTree = "<group>"; };
		6494F45F25D0E34B00A01403 /* SceneDelegate.swift */ = {isa = PBXFileReference; lastKnownFileType = sourcecode.swift; path = SceneDelegate.swift; sourceTree = "<group>"; };
		6494F46125D0E34B00A01403 /* ContentView.swift */ = {isa = PBXFileReference; lastKnownFileType = sourcecode.swift; path = ContentView.swift; sourceTree = "<group>"; };
		6494F46325D0E34F00A01403 /* Assets.xcassets */ = {isa = PBXFileReference; lastKnownFileType = folder.assetcatalog; path = Assets.xcassets; sourceTree = "<group>"; };
		6494F46625D0E34F00A01403 /* Preview Assets.xcassets */ = {isa = PBXFileReference; lastKnownFileType = folder.assetcatalog; path = "Preview Assets.xcassets"; sourceTree = "<group>"; };
		6494F46925D0E34F00A01403 /* Base */ = {isa = PBXFileReference; lastKnownFileType = file.storyboard; name = Base; path = Base.lproj/LaunchScreen.storyboard; sourceTree = "<group>"; };
		6494F46B25D0E34F00A01403 /* Info.plist */ = {isa = PBXFileReference; lastKnownFileType = text.plist.xml; path = Info.plist; sourceTree = "<group>"; };
		6494F47D25D0EAB500A01403 /* News.swift */ = {isa = PBXFileReference; lastKnownFileType = sourcecode.swift; path = News.swift; sourceTree = "<group>"; };
		6494F48125D0ECDD00A01403 /* NewsViewModel.swift */ = {isa = PBXFileReference; lastKnownFileType = sourcecode.swift; path = NewsViewModel.swift; sourceTree = "<group>"; };
/* End PBXFileReference section */

/* Begin PBXFrameworksBuildPhase section */
		6494F45725D0E34B00A01403 /* Frameworks */ = {
			isa = PBXFrameworksBuildPhase;
			buildActionMask = 2147483647;
			files = (
				6494F47825D0E81B00A01403 /* SDWebImageSwiftUI in Frameworks */,
				6494F47425D0E75100A01403 /* SwiftyJSON in Frameworks */,
			);
			runOnlyForDeploymentPostprocessing = 0;
		};
/* End PBXFrameworksBuildPhase section */

/* Begin PBXGroup section */
		6494F45125D0E34B00A01403 = {
			isa = PBXGroup;
			children = (
				6494F45C25D0E34B00A01403 /* NewsUI */,
				6494F45B25D0E34B00A01403 /* Products */,
			);
			sourceTree = "<group>";
		};
		6494F45B25D0E34B00A01403 /* Products */ = {
			isa = PBXGroup;
			children = (
				6494F45A25D0E34B00A01403 /* NewsUI.app */,
			);
			name = Products;
			sourceTree = "<group>";
		};
		6494F45C25D0E34B00A01403 /* NewsUI */ = {
			isa = PBXGroup;
			children = (
				6494F47C25D0EA2B00A01403 /* Model */,
				6494F47B25D0EA2300A01403 /* ViewModel */,
				6494F47A25D0EA0700A01403 /* View */,
				6494F45D25D0E34B00A01403 /* AppDelegate.swift */,
				6494F45F25D0E34B00A01403 /* SceneDelegate.swift */,
				6494F46325D0E34F00A01403 /* Assets.xcassets */,
				6494F46825D0E34F00A01403 /* LaunchScreen.storyboard */,
				6494F46B25D0E34F00A01403 /* Info.plist */,
				6494F46525D0E34F00A01403 /* Preview Content */,
			);
			path = NewsUI;
			sourceTree = "<group>";
		};
		6494F46525D0E34F00A01403 /* Preview Content */ = {
			isa = PBXGroup;
			children = (
				6494F46625D0E34F00A01403 /* Preview Assets.xcassets */,
			);
			path = "Preview Content";
			sourceTree = "<group>";
		};
		6494F47A25D0EA0700A01403 /* View */ = {
			isa = PBXGroup;
			children = (
				6494F46125D0E34B00A01403 /* ContentView.swift */,
			);
			path = View;
			sourceTree = "<group>";
		};
		6494F47B25D0EA2300A01403 /* ViewModel */ = {
			isa = PBXGroup;
			children = (
				6494F48125D0ECDD00A01403 /* NewsViewModel.swift */,
			);
			path = ViewModel;
			sourceTree = "<group>";
		};
		6494F47C25D0EA2B00A01403 /* Model */ = {
			isa = PBXGroup;
			children = (
				6494F47D25D0EAB500A01403 /* News.swift */,
			);
			path = Model;
			sourceTree = "<group>";
		};
/* End PBXGroup section */

/* Begin PBXNativeTarget section */
		6494F45925D0E34B00A01403 /* NewsUI */ = {
			isa = PBXNativeTarget;
			buildConfigurationList = 6494F46E25D0E34F00A01403 /* Build configuration list for PBXNativeTarget "NewsUI" */;
			buildPhases = (
				6494F45625D0E34B00A01403 /* Sources */,
				6494F45725D0E34B00A01403 /* Frameworks */,
				6494F45825D0E34B00A01403 /* Resources */,
			);
			buildRules = (
			);
			dependencies = (
			);
			name = NewsUI;
			packageProductDependencies = (
				6494F47325D0E75100A01403 /* SwiftyJSON */,
				6494F47725D0E81B00A01403 /* SDWebImageSwiftUI */,
			);
			productName = NewsUI;
			productReference = 6494F45A25D0E34B00A01403 /* NewsUI.app */;
			productType = "com.apple.product-type.application";
		};
/* End PBXNativeTarget section */

/* Begin PBXProject section */
		6494F45225D0E34B00A01403 /* Project object */ = {
			isa = PBXProject;
			attributes = {
				LastSwiftUpdateCheck = 1230;
				LastUpgradeCheck = 1230;
				TargetAttributes = {
					6494F45925D0E34B00A01403 = {
						CreatedOnToolsVersion = 12.3;
					};
				};
			};
			buildConfigurationList = 6494F45525D0E34B00A01403 /* Build configuration list for PBXProject "NewsUI" */;
			compatibilityVersion = "Xcode 9.3";
			developmentRegion = en;
			hasScannedForEncodings = 0;
			knownRegions = (
				en,
				Base,
			);
			mainGroup = 6494F45125D0E34B00A01403;
			packageReferences = (
				6494F47225D0E75100A01403 /* XCRemoteSwiftPackageReference "SwiftyJSON" */,
				6494F47625D0E81B00A01403 /* XCRemoteSwiftPackageReference "SDWebImageSwiftUI" */,
			);
			productRefGroup = 6494F45B25D0E34B00A01403 /* Products */;
			projectDirPath = "";
			projectRoot = "";
			targets = (
				6494F45925D0E34B00A01403 /* NewsUI */,
			);
		};
/* End PBXProject section */

/* Begin PBXResourcesBuildPhase section */
		6494F45825D0E34B00A01403 /* Resources */ = {
			isa = PBXResourcesBuildPhase;
			buildActionMask = 2147483647;
			files = (
				6494F46A25D0E34F00A01403 /* LaunchScreen.storyboard in Resources */,
				6494F46725D0E34F00A01403 /* Preview Assets.xcassets in Resources */,
				6494F46425D0E34F00A01403 /* Assets.xcassets in Resources */,
			);
			runOnlyForDeploymentPostprocessing = 0;
		};
/* End PBXResourcesBuildPhase section */

/* Begin PBXSourcesBuildPhase section */
		6494F45625D0E34B00A01403 /* Sources */ = {
			isa = PBXSourcesBuildPhase;
			buildActionMask = 2147483647;
			files = (
				6494F45E25D0E34B00A01403 /* AppDelegate.swift in Sources */,
				6494F46025D0E34B00A01403 /* SceneDelegate.swift in Sources */,
				6494F48225D0ECDD00A01403 /* NewsViewModel.swift in Sources */,
				6494F47E25D0EAB500A01403 /* News.swift in Sources */,
				6494F46225D0E34B00A01403 /* ContentView.swift in Sources */,
			);
			runOnlyForDeploymentPostprocessing = 0;
		};
/* End PBXSourcesBuildPhase section */

/* Begin PBXVariantGroup section */
		6494F46825D0E34F00A01403 /* LaunchScreen.storyboard */ = {
			isa = PBXVariantGroup;
			children = (
				6494F46925D0E34F00A01403 /* Base */,
			);
			name = LaunchScreen.storyboard;
			sourceTree = "<group>";
		};
/* End PBXVariantGroup section */

/* Begin XCBuildConfiguration section */
		6494F46C25D0E34F00A01403 /* Debug */ = {
			isa = XCBuildConfiguration;
			buildSettings = {
				ALWAYS_SEARCH_USER_PATHS = NO;
				CLANG_ANALYZER_NONNULL = YES;
				CLANG_ANALYZER_NUMBER_OBJECT_CONVERSION = YES_AGGRESSIVE;
				CLANG_CXX_LANGUAGE_STANDARD = "gnu++14";
				CLANG_CXX_LIBRARY = "libc++";
				CLANG_ENABLE_MODULES = YES;
				CLANG_ENABLE_OBJC_ARC = YES;
				CLANG_ENABLE_OBJC_WEAK = YES;
				CLANG_WARN_BLOCK_CAPTURE_AUTORELEASING = YES;
				CLANG_WARN_BOOL_CONVERSION = YES;
				CLANG_WARN_COMMA = YES;
				CLANG_WARN_CONSTANT_CONVERSION = YES;
				CLANG_WARN_DEPRECATED_OBJC_IMPLEMENTATIONS = YES;
				CLANG_WARN_DIRECT_OBJC_ISA_USAGE = YES_ERROR;
				CLANG_WARN_DOCUMENTATION_COMMENTS = YES;
				CLANG_WARN_EMPTY_BODY = YES;
				CLANG_WARN_ENUM_CONVERSION = YES;
				CLANG_WARN_INFINITE_RECURSION = YES;
				CLANG_WARN_INT_CONVERSION = YES;
				CLANG_WARN_NON_LITERAL_NULL_CONVERSION = YES;
				CLANG_WARN_OBJC_IMPLICIT_RETAIN_SELF = YES;
				CLANG_WARN_OBJC_LITERAL_CONVERSION = YES;
				CLANG_WARN_OBJC_ROOT_CLASS = YES_ERROR;
				CLANG_WARN_QUOTED_INCLUDE_IN_FRAMEWORK_HEADER = YES;
				CLANG_WARN_RANGE_LOOP_ANALYSIS = YES;
				CLANG_WARN_STRICT_PROTOTYPES = YES;
				CLANG_WARN_SUSPICIOUS_MOVE = YES;
				CLANG_WARN_UNGUARDED_AVAILABILITY = YES_AGGRESSIVE;
				CLANG_WARN_UNREACHABLE_CODE = YES;
				CLANG_WARN__DUPLICATE_METHOD_MATCH = YES;
				COPY_PHASE_STRIP = NO;
				DEBUG_INFORMATION_FORMAT = dwarf;
				ENABLE_STRICT_OBJC_MSGSEND = YES;
				ENABLE_TESTABILITY = YES;
				GCC_C_LANGUAGE_STANDARD = gnu11;
				GCC_DYNAMIC_NO_PIC = NO;
				GCC_NO_COMMON_BLOCKS = YES;
				GCC_OPTIMIZATION_LEVEL = 0;
				GCC_PREPROCESSOR_DEFINITIONS = (
					"DEBUG=1",
					"$(inherited)",
				);
				GCC_WARN_64_TO_32_BIT_CONVERSION = YES;
				GCC_WARN_ABOUT_RETURN_TYPE = YES_ERROR;
				GCC_WARN_UNDECLARED_SELECTOR = YES;
				GCC_WARN_UNINITIALIZED_AUTOS = YES_AGGRESSIVE;
				GCC_WARN_UNUSED_FUNCTION = YES;
				GCC_WARN_UNUSED_VARIABLE = YES;
				IPHONEOS_DEPLOYMENT_TARGET = 14.3;
				MTL_ENABLE_DEBUG_INFO = INCLUDE_SOURCE;
				MTL_FAST_MATH = YES;
				ONLY_ACTIVE_ARCH = YES;
				SDKROOT = iphoneos;
				SWIFT_ACTIVE_COMPILATION_CONDITIONS = DEBUG;
				SWIFT_OPTIMIZATION_LEVEL = "-Onone";
			};
			name = Debug;
		};
		6494F46D25D0E34F00A01403 /* Release */ = {
			isa = XCBuildConfiguration;
			buildSettings = {
				ALWAYS_SEARCH_USER_PATHS = NO;
				CLANG_ANALYZER_NONNULL = YES;
				CLANG_ANALYZER_NUMBER_OBJECT_CONVERSION = YES_AGGRESSIVE;
				CLANG_CXX_LANGUAGE_STANDARD = "gnu++14";
				CLANG_CXX_LIBRARY = "libc++";
				CLANG_ENABLE_MODULES = YES;
				CLANG_ENABLE_OBJC_ARC = YES;
				CLANG_ENABLE_OBJC_WEAK = YES;
				CLANG_WARN_BLOCK_CAPTURE_AUTORELEASING = YES;
				CLANG_WARN_BOOL_CONVERSION = YES;
				CLANG_WARN_COMMA = YES;
				CLANG_WARN_CONSTANT_CONVERSION = YES;
				CLANG_WARN_DEPRECATED_OBJC_IMPLEMENTATIONS = YES;
				CLANG_WARN_DIRECT_OBJC_ISA_USAGE = YES_ERROR;
				CLANG_WARN_DOCUMENTATION_COMMENTS = YES;
				CLANG_WARN_EMPTY_BODY = YES;
				CLANG_WARN_ENUM_CONVERSION = YES;
				CLANG_WARN_INFINITE_RECURSION = YES;
				CLANG_WARN_INT_CONVERSION = YES;
				CLANG_WARN_NON_LITERAL_NULL_CONVERSION = YES;
				CLANG_WARN_OBJC_IMPLICIT_RETAIN_SELF = YES;
				CLANG_WARN_OBJC_LITERAL_CONVERSION = YES;
				CLANG_WARN_OBJC_ROOT_CLASS = YES_ERROR;
				CLANG_WARN_QUOTED_INCLUDE_IN_FRAMEWORK_HEADER = YES;
				CLANG_WARN_RANGE_LOOP_ANALYSIS = YES;
				CLANG_WARN_STRICT_PROTOTYPES = YES;
				CLANG_WARN_SUSPICIOUS_MOVE = YES;
				CLANG_WARN_UNGUARDED_AVAILABILITY = YES_AGGRESSIVE;
				CLANG_WARN_UNREACHABLE_CODE = YES;
				CLANG_WARN__DUPLICATE_METHOD_MATCH = YES;
				COPY_PHASE_STRIP = NO;
				DEBUG_INFORMATION_FORMAT = "dwarf-with-dsym";
				ENABLE_NS_ASSERTIONS = NO;
				ENABLE_STRICT_OBJC_MSGSEND = YES;
				GCC_C_LANGUAGE_STANDARD = gnu11;
				GCC_NO_COMMON_BLOCKS = YES;
				GCC_WARN_64_TO_32_BIT_CONVERSION = YES;
				GCC_WARN_ABOUT_RETURN_TYPE = YES_ERROR;
				GCC_WARN_UNDECLARED_SELECTOR = YES;
				GCC_WARN_UNINITIALIZED_AUTOS = YES_AGGRESSIVE;
				GCC_WARN_UNUSED_FUNCTION = YES;
				GCC_WARN_UNUSED_VARIABLE = YES;
				IPHONEOS_DEPLOYMENT_TARGET = 14.3;
				MTL_ENABLE_DEBUG_INFO = NO;
				MTL_FAST_MATH = YES;
				SDKROOT = iphoneos;
				SWIFT_COMPILATION_MODE = wholemodule;
				SWIFT_OPTIMIZATION_LEVEL = "-O";
				VALIDATE_PRODUCT = YES;
			};
			name = Release;
		};
		6494F46F25D0E34F00A01403 /* Debug */ = {
			isa = XCBuildConfiguration;
			buildSettings = {
				ASSETCATALOG_COMPILER_APPICON_NAME = AppIcon;
				ASSETCATALOG_COMPILER_GLOBAL_ACCENT_COLOR_NAME = AccentColor;
				CODE_SIGN_STYLE = Automatic;
				DEVELOPMENT_ASSET_PATHS = "\"NewsUI/Preview Content\"";
				DEVELOPMENT_TEAM = ADGVHR56U4;
				ENABLE_PREVIEWS = YES;
				INFOPLIST_FILE = NewsUI/Info.plist;
				LD_RUNPATH_SEARCH_PATHS = (
					"$(inherited)",
					"@executable_path/Frameworks",
				);
				PRODUCT_BUNDLE_IDENTIFIER = net.growdev.NewsUI;
				PRODUCT_NAME = "$(TARGET_NAME)";
				SWIFT_VERSION = 5.0;
				TARGETED_DEVICE_FAMILY = "1,2";
			};
			name = Debug;
		};
		6494F47025D0E34F00A01403 /* Release */ = {
			isa = XCBuildConfiguration;
			buildSettings = {
				ASSETCATALOG_COMPILER_APPICON_NAME = AppIcon;
				ASSETCATALOG_COMPILER_GLOBAL_ACCENT_COLOR_NAME = AccentColor;
				CODE_SIGN_STYLE = Automatic;
				DEVELOPMENT_ASSET_PATHS = "\"NewsUI/Preview Content\"";
				DEVELOPMENT_TEAM = ADGVHR56U4;
				ENABLE_PREVIEWS = YES;
				INFOPLIST_FILE = NewsUI/Info.plist;
				LD_RUNPATH_SEARCH_PATHS = (
					"$(inherited)",
					"@executable_path/Frameworks",
				);
				PRODUCT_BUNDLE_IDENTIFIER = net.growdev.NewsUI;
				PRODUCT_NAME = "$(TARGET_NAME)";
				SWIFT_VERSION = 5.0;
				TARGETED_DEVICE_FAMILY = "1,2";
			};
			name = Release;
		};
/* End XCBuildConfiguration section */

/* Begin XCConfigurationList section */
		6494F45525D0E34B00A01403 /* Build configuration list for PBXProject "NewsUI" */ = {
			isa = XCConfigurationList;
			buildConfigurations = (
				6494F46C25D0E34F00A01403 /* Debug */,
				6494F46D25D0E34F00A01403 /* Release */,
			);
			defaultConfigurationIsVisible = 0;
			defaultConfigurationName = Release;
		};
		6494F46E25D0E34F00A01403 /* Build configuration list for PBXNativeTarget "NewsUI" */ = {
			isa = XCConfigurationList;
			buildConfigurations = (
				6494F46F25D0E34F00A01403 /* Debug */,
				6494F47025D0E34F00A01403 /* Release */,
			);
			defaultConfigurationIsVisible = 0;
			defaultConfigurationName = Release;
		};
/* End XCConfigurationList section */

/* Begin XCRemoteSwiftPackageReference section */
		6494F47225D0E75100A01403 /* XCRemoteSwiftPackageReference "SwiftyJSON" */ = {
			isa = XCRemoteSwiftPackageReference;
			repositoryURL = "https://github.com/SwiftyJSON/SwiftyJSON.git";
			requirement = {
				kind = upToNextMajorVersion;
				minimumVersion = 5.0.0;
			};
		};
		6494F47625D0E81B00A01403 /* XCRemoteSwiftPackageReference "SDWebImageSwiftUI" */ = {
			isa = XCRemoteSwiftPackageReference;
			repositoryURL = "https://github.com/SDWebImage/SDWebImageSwiftUI.git";
			requirement = {
				kind = upToNextMajorVersion;
				minimumVersion = 1.5.0;
			};
		};
/* End XCRemoteSwiftPackageReference section */

/* Begin XCSwiftPackageProductDependency section */
		6494F47325D0E75100A01403 /* SwiftyJSON */ = {
			isa = XCSwiftPackageProductDependency;
			package = 6494F47225D0E75100A01403 /* XCRemoteSwiftPackageReference "SwiftyJSON" */;
			productName = SwiftyJSON;
		};
		6494F47725D0E81B00A01403 /* SDWebImageSwiftUI */ = {
			isa = XCSwiftPackageProductDependency;
			package = 6494F47625D0E81B00A01403 /* XCRemoteSwiftPackageReference "SDWebImageSwiftUI" */;
			productName = SDWebImageSwiftUI;
		};
/* End XCSwiftPackageProductDependency section */
	};
	rootObject = 6494F45225D0E34B00A01403 /* Project object */;
}
